// !$*UTF8*$!
{
	archiveVersion = 1;
	classes = {
	};
	objectVersion = 50;
	objects = {

/* Begin PBXBuildFile section */
		84953E1F25DBA99A004C520E /* AppDelegate.swift in Sources */ = {isa = PBXBuildFile; fileRef = 84953E1E25DBA99A004C520E /* AppDelegate.swift */; };
		84953E2125DBA99A004C520E /* SceneDelegate.swift in Sources */ = {isa = PBXBuildFile; fileRef = 84953E2025DBA99A004C520E /* SceneDelegate.swift */; };
		84953E2325DBA99A004C520E /* ViewController.swift in Sources */ = {isa = PBXBuildFile; fileRef = 84953E2225DBA99A004C520E /* ViewController.swift */; };
		84953E2625DBA99A004C520E /* Main.storyboard in Resources */ = {isa = PBXBuildFile; fileRef = 84953E2425DBA99A004C520E /* Main.storyboard */; };
		84953E2825DBA99B004C520E /* Assets.xcassets in Resources */ = {isa = PBXBuildFile; fileRef = 84953E2725DBA99B004C520E /* Assets.xcassets */; };
		84953E2B25DBA99B004C520E /* LaunchScreen.storyboard in Resources */ = {isa = PBXBuildFile; fileRef = 84953E2925DBA99B004C520E /* LaunchScreen.storyboard */; };
		84953E3625DBA99B004C520E /* BritanniaTests.swift in Sources */ = {isa = PBXBuildFile; fileRef = 84953E3525DBA99B004C520E /* BritanniaTests.swift */; };
		84953E4125DBA99B004C520E /* BritanniaUITests.swift in Sources */ = {isa = PBXBuildFile; fileRef = 84953E4025DBA99B004C520E /* BritanniaUITests.swift */; };
/* End PBXBuildFile section */

/* Begin PBXContainerItemProxy section */
		84953E3225DBA99B004C520E /* PBXContainerItemProxy */ = {
			isa = PBXContainerItemProxy;
			containerPortal = 84953E1325DBA999004C520E /* Project object */;
			proxyType = 1;
			remoteGlobalIDString = 84953E1A25DBA99A004C520E;
			remoteInfo = Britannia;
		};
		84953E3D25DBA99B004C520E /* PBXContainerItemProxy */ = {
			isa = PBXContainerItemProxy;
			containerPortal = 84953E1325DBA999004C520E /* Project object */;
			proxyType = 1;
			remoteGlobalIDString = 84953E1A25DBA99A004C520E;
			remoteInfo = Britannia;
		};
/* End PBXContainerItemProxy section */

/* Begin PBXFileReference section */
		84953E1B25DBA99A004C520E /* Britannia.app */ = {isa = PBXFileReference; explicitFileType = wrapper.application; includeInIndex = 0; path = Britannia.app; sourceTree = BUILT_PRODUCTS_DIR; };
		84953E1E25DBA99A004C520E /* AppDelegate.swift */ = {isa = PBXFileReference; lastKnownFileType = sourcecode.swift; path = AppDelegate.swift; sourceTree = "<group>"; };
		84953E2025DBA99A004C520E /* SceneDelegate.swift */ = {isa = PBXFileReference; lastKnownFileType = sourcecode.swift; path = SceneDelegate.swift; sourceTree = "<group>"; };
		84953E2225DBA99A004C520E /* ViewController.swift */ = {isa = PBXFileReference; lastKnownFileType = sourcecode.swift; path = ViewController.swift; sourceTree = "<group>"; };
		84953E2525DBA99A004C520E /* Base */ = {isa = PBXFileReference; lastKnownFileType = file.storyboard; name = Base; path = Base.lproj/Main.storyboard; sourceTree = "<group>"; };
		84953E2725DBA99B004C520E /* Assets.xcassets */ = {isa = PBXFileReference; lastKnownFileType = folder.assetcatalog; path = Assets.xcassets; sourceTree = "<group>"; };
		84953E2A25DBA99B004C520E /* Base */ = {isa = PBXFileReference; lastKnownFileType = file.storyboard; name = Base; path = Base.lproj/LaunchScreen.storyboard; sourceTree = "<group>"; };
		84953E2C25DBA99B004C520E /* Info.plist */ = {isa = PBXFileReference; lastKnownFileType = text.plist.xml; path = Info.plist; sourceTree = "<group>"; };
		84953E3125DBA99B004C520E /* BritanniaTests.xctest */ = {isa = PBXFileReference; explicitFileType = wrapper.cfbundle; includeInIndex = 0; path = BritanniaTests.xctest; sourceTree = BUILT_PRODUCTS_DIR; };
		84953E3525DBA99B004C520E /* BritanniaTests.swift */ = {isa = PBXFileReference; lastKnownFileType = sourcecode.swift; path = BritanniaTests.swift; sourceTree = "<group>"; };
		84953E3725DBA99B004C520E /* Info.plist */ = {isa = PBXFileReference; lastKnownFileType = text.plist.xml; path = Info.plist; sourceTree = "<group>"; };
		84953E3C25DBA99B004C520E /* BritanniaUITests.xctest */ = {isa = PBXFileReference; explicitFileType = wrapper.cfbundle; includeInIndex = 0; path = BritanniaUITests.xctest; sourceTree = BUILT_PRODUCTS_DIR; };
		84953E4025DBA99B004C520E /* BritanniaUITests.swift */ = {isa = PBXFileReference; lastKnownFileType = sourcecode.swift; path = BritanniaUITests.swift; sourceTree = "<group>"; };
		84953E4225DBA99B004C520E /* Info.plist */ = {isa = PBXFileReference; lastKnownFileType = text.plist.xml; path = Info.plist; sourceTree = "<group>"; };
/* End PBXFileReference section */

/* Begin PBXFrameworksBuildPhase section */
		84953E1825DBA99A004C520E /* Frameworks */ = {
			isa = PBXFrameworksBuildPhase;
			buildActionMask = 2147483647;
			files = (
			);
			runOnlyForDeploymentPostprocessing = 0;
		};
		84953E2E25DBA99B004C520E /* Frameworks */ = {
			isa = PBXFrameworksBuildPhase;
			buildActionMask = 2147483647;
			files = (
			);
			runOnlyForDeploymentPostprocessing = 0;
		};
		84953E3925DBA99B004C520E /* Frameworks */ = {
			isa = PBXFrameworksBuildPhase;
			buildActionMask = 2147483647;
			files = (
			);
			runOnlyForDeploymentPostprocessing = 0;
		};
/* End PBXFrameworksBuildPhase section */

/* Begin PBXGroup section */
		84953E1225DBA999004C520E = {
			isa = PBXGroup;
			children = (
				84953E1D25DBA99A004C520E /* Britannia */,
				84953E3425DBA99B004C520E /* BritanniaTests */,
				84953E3F25DBA99B004C520E /* BritanniaUITests */,
				84953E1C25DBA99A004C520E /* Products */,
			);
			sourceTree = "<group>";
		};
		84953E1C25DBA99A004C520E /* Products */ = {
			isa = PBXGroup;
			children = (
				84953E1B25DBA99A004C520E /* Britannia.app */,
				84953E3125DBA99B004C520E /* BritanniaTests.xctest */,
				84953E3C25DBA99B004C520E /* BritanniaUITests.xctest */,
			);
			name = Products;
			sourceTree = "<group>";
		};
		84953E1D25DBA99A004C520E /* Britannia */ = {
			isa = PBXGroup;
			children = (
				84953E1E25DBA99A004C520E /* AppDelegate.swift */,
				84953E2025DBA99A004C520E /* SceneDelegate.swift */,
				84953E2225DBA99A004C520E /* ViewController.swift */,
				84953E2425DBA99A004C520E /* Main.storyboard */,
				84953E2725DBA99B004C520E /* Assets.xcassets */,
				84953E2925DBA99B004C520E /* LaunchScreen.storyboard */,
				84953E2C25DBA99B004C520E /* Info.plist */,
			);
			path = Britannia;
			sourceTree = "<group>";
		};
		84953E3425DBA99B004C520E /* BritanniaTests */ = {
			isa = PBXGroup;
			children = (
				84953E3525DBA99B004C520E /* BritanniaTests.swift */,
				84953E3725DBA99B004C520E /* Info.plist */,
			);
			path = BritanniaTests;
			sourceTree = "<group>";
		};
		84953E3F25DBA99B004C520E /* BritanniaUITests */ = {
			isa = PBXGroup;
			children = (
				84953E4025DBA99B004C520E /* BritanniaUITests.swift */,
				84953E4225DBA99B004C520E /* Info.plist */,
			);
			path = BritanniaUITests;
			sourceTree = "<group>";
		};
/* End PBXGroup section */

/* Begin PBXNativeTarget section */
		84953E1A25DBA99A004C520E /* Britannia */ = {
			isa = PBXNativeTarget;
			buildConfigurationList = 84953E4525DBA99B004C520E /* Build configuration list for PBXNativeTarget "Britannia" */;
			buildPhases = (
				84953E1725DBA99A004C520E /* Sources */,
				84953E1825DBA99A004C520E /* Frameworks */,
				84953E1925DBA99A004C520E /* Resources */,
			);
			buildRules = (
			);
			dependencies = (
			);
			name = Britannia;
			productName = Britannia;
			productReference = 84953E1B25DBA99A004C520E /* Britannia.app */;
			productType = "com.apple.product-type.application";
		};
		84953E3025DBA99B004C520E /* BritanniaTests */ = {
			isa = PBXNativeTarget;
			buildConfigurationList = 84953E4825DBA99B004C520E /* Build configuration list for PBXNativeTarget "BritanniaTests" */;
			buildPhases = (
				84953E2D25DBA99B004C520E /* Sources */,
				84953E2E25DBA99B004C520E /* Frameworks */,
				84953E2F25DBA99B004C520E /* Resources */,
			);
			buildRules = (
			);
			dependencies = (
				84953E3325DBA99B004C520E /* PBXTargetDependency */,
			);
			name = BritanniaTests;
			productName = BritanniaTests;
			productReference = 84953E3125DBA99B004C520E /* BritanniaTests.xctest */;
			productType = "com.apple.product-type.bundle.unit-test";
		};
		84953E3B25DBA99B004C520E /* BritanniaUITests */ = {
			isa = PBXNativeTarget;
			buildConfigurationList = 84953E4B25DBA99B004C520E /* Build configuration list for PBXNativeTarget "BritanniaUITests" */;
			buildPhases = (
				84953E3825DBA99B004C520E /* Sources */,
				84953E3925DBA99B004C520E /* Frameworks */,
				84953E3A25DBA99B004C520E /* Resources */,
			);
			buildRules = (
			);
			dependencies = (
				84953E3E25DBA99B004C520E /* PBXTargetDependency */,
			);
			name = BritanniaUITests;
			productName = BritanniaUITests;
			productReference = 84953E3C25DBA99B004C520E /* BritanniaUITests.xctest */;
			productType = "com.apple.product-type.bundle.ui-testing";
		};
/* End PBXNativeTarget section */

/* Begin PBXProject section */
		84953E1325DBA999004C520E /* Project object */ = {
			isa = PBXProject;
			attributes = {
				LastSwiftUpdateCheck = 1240;
				LastUpgradeCheck = 1240;
				TargetAttributes = {
					84953E1A25DBA99A004C520E = {
						CreatedOnToolsVersion = 12.4;
					};
					84953E3025DBA99B004C520E = {
						CreatedOnToolsVersion = 12.4;
						TestTargetID = 84953E1A25DBA99A004C520E;
					};
					84953E3B25DBA99B004C520E = {
						CreatedOnToolsVersion = 12.4;
						TestTargetID = 84953E1A25DBA99A004C520E;
					};
				};
			};
			buildConfigurationList = 84953E1625DBA999004C520E /* Build configuration list for PBXProject "Britannia" */;
			compatibilityVersion = "Xcode 9.3";
			developmentRegion = en;
			hasScannedForEncodings = 0;
			knownRegions = (
				en,
				Base,
			);
			mainGroup = 84953E1225DBA999004C520E;
			productRefGroup = 84953E1C25DBA99A004C520E /* Products */;
			projectDirPath = "";
			projectRoot = "";
			targets = (
				84953E1A25DBA99A004C520E /* Britannia */,
				84953E3025DBA99B004C520E /* BritanniaTests */,
				84953E3B25DBA99B004C520E /* BritanniaUITests */,
			);
		};
/* End PBXProject section */

/* Begin PBXResourcesBuildPhase section */
		84953E1925DBA99A004C520E /* Resources */ = {
			isa = PBXResourcesBuildPhase;
			buildActionMask = 2147483647;
			files = (
				84953E2B25DBA99B004C520E /* LaunchScreen.storyboard in Resources */,
				84953E2825DBA99B004C520E /* Assets.xcassets in Resources */,
				84953E2625DBA99A004C520E /* Main.storyboard in Resources */,
			);
			runOnlyForDeploymentPostprocessing = 0;
		};
		84953E2F25DBA99B004C520E /* Resources */ = {
			isa = PBXResourcesBuildPhase;
			buildActionMask = 2147483647;
			files = (
			);
			runOnlyForDeploymentPostprocessing = 0;
		};
		84953E3A25DBA99B004C520E /* Resources */ = {
			isa = PBXResourcesBuildPhase;
			buildActionMask = 2147483647;
			files = (
			);
			runOnlyForDeploymentPostprocessing = 0;
		};
/* End PBXResourcesBuildPhase section */

/* Begin PBXSourcesBuildPhase section */
		84953E1725DBA99A004C520E /* Sources */ = {
			isa = PBXSourcesBuildPhase;
			buildActionMask = 2147483647;
			files = (
				84953E2325DBA99A004C520E /* ViewController.swift in Sources */,
				84953E1F25DBA99A004C520E /* AppDelegate.swift in Sources */,
				84953E2125DBA99A004C520E /* SceneDelegate.swift in Sources */,
			);
			runOnlyForDeploymentPostprocessing = 0;
		};
		84953E2D25DBA99B004C520E /* Sources */ = {
			isa = PBXSourcesBuildPhase;
			buildActionMask = 2147483647;
			files = (
				84953E3625DBA99B004C520E /* BritanniaTests.swift in Sources */,
			);
			runOnlyForDeploymentPostprocessing = 0;
		};
		84953E3825DBA99B004C520E /* Sources */ = {
			isa = PBXSourcesBuildPhase;
			buildActionMask = 2147483647;
			files = (
				84953E4125DBA99B004C520E /* BritanniaUITests.swift in Sources */,
			);
			runOnlyForDeploymentPostprocessing = 0;
		};
/* End PBXSourcesBuildPhase section */

/* Begin PBXTargetDependency section */
		84953E3325DBA99B004C520E /* PBXTargetDependency */ = {
			isa = PBXTargetDependency;
			target = 84953E1A25DBA99A004C520E /* Britannia */;
			targetProxy = 84953E3225DBA99B004C520E /* PBXContainerItemProxy */;
		};
		84953E3E25DBA99B004C520E /* PBXTargetDependency */ = {
			isa = PBXTargetDependency;
			target = 84953E1A25DBA99A004C520E /* Britannia */;
			targetProxy = 84953E3D25DBA99B004C520E /* PBXContainerItemProxy */;
		};
/* End PBXTargetDependency section */

/* Begin PBXVariantGroup section */
		84953E2425DBA99A004C520E /* Main.storyboard */ = {
			isa = PBXVariantGroup;
			children = (
				84953E2525DBA99A004C520E /* Base */,
			);
			name = Main.storyboard;
			sourceTree = "<group>";
		};
		84953E2925DBA99B004C520E /* LaunchScreen.storyboard */ = {
			isa = PBXVariantGroup;
			children = (
				84953E2A25DBA99B004C520E /* Base */,
			);
			name = LaunchScreen.storyboard;
			sourceTree = "<group>";
		};
/* End PBXVariantGroup section */

/* Begin XCBuildConfiguration section */
		84953E4325DBA99B004C520E /* Debug */ = {
			isa = XCBuildConfiguration;
			buildSettings = {
				ALWAYS_SEARCH_USER_PATHS = NO;
				CLANG_ANALYZER_NONNULL = YES;
				CLANG_ANALYZER_NUMBER_OBJECT_CONVERSION = YES_AGGRESSIVE;
				CLANG_CXX_LANGUAGE_STANDARD = "gnu++14";
				CLANG_CXX_LIBRARY = "libc++";
				CLANG_ENABLE_MODULES = YES;
				CLANG_ENABLE_OBJC_ARC = YES;
				CLANG_ENABLE_OBJC_WEAK = YES;
				CLANG_WARN_BLOCK_CAPTURE_AUTORELEASING = YES;
				CLANG_WARN_BOOL_CONVERSION = YES;
				CLANG_WARN_COMMA = YES;
				CLANG_WARN_CONSTANT_CONVERSION = YES;
				CLANG_WARN_DEPRECATED_OBJC_IMPLEMENTATIONS = YES;
				CLANG_WARN_DIRECT_OBJC_ISA_USAGE = YES_ERROR;
				CLANG_WARN_DOCUMENTATION_COMMENTS = YES;
				CLANG_WARN_EMPTY_BODY = YES;
				CLANG_WARN_ENUM_CONVERSION = YES;
				CLANG_WARN_INFINITE_RECURSION = YES;
				CLANG_WARN_INT_CONVERSION = YES;
				CLANG_WARN_NON_LITERAL_NULL_CONVERSION = YES;
				CLANG_WARN_OBJC_IMPLICIT_RETAIN_SELF = YES;
				CLANG_WARN_OBJC_LITERAL_CONVERSION = YES;
				CLANG_WARN_OBJC_ROOT_CLASS = YES_ERROR;
				CLANG_WARN_QUOTED_INCLUDE_IN_FRAMEWORK_HEADER = YES;
				CLANG_WARN_RANGE_LOOP_ANALYSIS = YES;
				CLANG_WARN_STRICT_PROTOTYPES = YES;
				CLANG_WARN_SUSPICIOUS_MOVE = YES;
				CLANG_WARN_UNGUARDED_AVAILABILITY = YES_AGGRESSIVE;
				CLANG_WARN_UNREACHABLE_CODE = YES;
				CLANG_WARN__DUPLICATE_METHOD_MATCH = YES;
				COPY_PHASE_STRIP = NO;
				DEBUG_INFORMATION_FORMAT = dwarf;
				ENABLE_STRICT_OBJC_MSGSEND = YES;
				ENABLE_TESTABILITY = YES;
				GCC_C_LANGUAGE_STANDARD = gnu11;
				GCC_DYNAMIC_NO_PIC = NO;
				GCC_NO_COMMON_BLOCKS = YES;
				GCC_OPTIMIZATION_LEVEL = 0;
				GCC_PREPROCESSOR_DEFINITIONS = (
					"DEBUG=1",
					"$(inherited)",
				);
				GCC_WARN_64_TO_32_BIT_CONVERSION = YES;
				GCC_WARN_ABOUT_RETURN_TYPE = YES_ERROR;
				GCC_WARN_UNDECLARED_SELECTOR = YES;
				GCC_WARN_UNINITIALIZED_AUTOS = YES_AGGRESSIVE;
				GCC_WARN_UNUSED_FUNCTION = YES;
				GCC_WARN_UNUSED_VARIABLE = YES;
				IPHONEOS_DEPLOYMENT_TARGET = 14.4;
				MTL_ENABLE_DEBUG_INFO = INCLUDE_SOURCE;
				MTL_FAST_MATH = YES;
				ONLY_ACTIVE_ARCH = YES;
				SDKROOT = iphoneos;
				SWIFT_ACTIVE_COMPILATION_CONDITIONS = DEBUG;
				SWIFT_OPTIMIZATION_LEVEL = "-Onone";
			};
			name = Debug;
		};
		84953E4425DBA99B004C520E /* Release */ = {
			isa = XCBuildConfiguration;
			buildSettings = {
				ALWAYS_SEARCH_USER_PATHS = NO;
				CLANG_ANALYZER_NONNULL = YES;
				CLANG_ANALYZER_NUMBER_OBJECT_CONVERSION = YES_AGGRESSIVE;
				CLANG_CXX_LANGUAGE_STANDARD = "gnu++14";
				CLANG_CXX_LIBRARY = "libc++";
				CLANG_ENABLE_MODULES = YES;
				CLANG_ENABLE_OBJC_ARC = YES;
				CLANG_ENABLE_OBJC_WEAK = YES;
				CLANG_WARN_BLOCK_CAPTURE_AUTORELEASING = YES;
				CLANG_WARN_BOOL_CONVERSION = YES;
				CLANG_WARN_COMMA = YES;
				CLANG_WARN_CONSTANT_CONVERSION = YES;
				CLANG_WARN_DEPRECATED_OBJC_IMPLEMENTATIONS = YES;
				CLANG_WARN_DIRECT_OBJC_ISA_USAGE = YES_ERROR;
				CLANG_WARN_DOCUMENTATION_COMMENTS = YES;
				CLANG_WARN_EMPTY_BODY = YES;
				CLANG_WARN_ENUM_CONVERSION = YES;
				CLANG_WARN_INFINITE_RECURSION = YES;
				CLANG_WARN_INT_CONVERSION = YES;
				CLANG_WARN_NON_LITERAL_NULL_CONVERSION = YES;
				CLANG_WARN_OBJC_IMPLICIT_RETAIN_SELF = YES;
				CLANG_WARN_OBJC_LITERAL_CONVERSION = YES;
				CLANG_WARN_OBJC_ROOT_CLASS = YES_ERROR;
				CLANG_WARN_QUOTED_INCLUDE_IN_FRAMEWORK_HEADER = YES;
				CLANG_WARN_RANGE_LOOP_ANALYSIS = YES;
				CLANG_WARN_STRICT_PROTOTYPES = YES;
				CLANG_WARN_SUSPICIOUS_MOVE = YES;
				CLANG_WARN_UNGUARDED_AVAILABILITY = YES_AGGRESSIVE;
				CLANG_WARN_UNREACHABLE_CODE = YES;
				CLANG_WARN__DUPLICATE_METHOD_MATCH = YES;
				COPY_PHASE_STRIP = NO;
				DEBUG_INFORMATION_FORMAT = "dwarf-with-dsym";
				ENABLE_NS_ASSERTIONS = NO;
				ENABLE_STRICT_OBJC_MSGSEND = YES;
				GCC_C_LANGUAGE_STANDARD = gnu11;
				GCC_NO_COMMON_BLOCKS = YES;
				GCC_WARN_64_TO_32_BIT_CONVERSION = YES;
				GCC_WARN_ABOUT_RETURN_TYPE = YES_ERROR;
				GCC_WARN_UNDECLARED_SELECTOR = YES;
				GCC_WARN_UNINITIALIZED_AUTOS = YES_AGGRESSIVE;
				GCC_WARN_UNUSED_FUNCTION = YES;
				GCC_WARN_UNUSED_VARIABLE = YES;
				IPHONEOS_DEPLOYMENT_TARGET = 14.4;
				MTL_ENABLE_DEBUG_INFO = NO;
				MTL_FAST_MATH = YES;
				SDKROOT = iphoneos;
				SWIFT_COMPILATION_MODE = wholemodule;
				SWIFT_OPTIMIZATION_LEVEL = "-O";
				VALIDATE_PRODUCT = YES;
			};
			name = Release;
		};
		84953E4625DBA99B004C520E /* Debug */ = {
			isa = XCBuildConfiguration;
			buildSettings = {
				ASSETCATALOG_COMPILER_APPICON_NAME = AppIcon;
				ASSETCATALOG_COMPILER_GLOBAL_ACCENT_COLOR_NAME = AccentColor;
				CODE_SIGN_STYLE = Automatic;
				INFOPLIST_FILE = Britannia/Info.plist;
				LD_RUNPATH_SEARCH_PATHS = (
					"$(inherited)",
					"@executable_path/Frameworks",
				);
				PRODUCT_BUNDLE_IDENTIFIER = com.app.Britannia;
				PRODUCT_NAME = "$(TARGET_NAME)";
				SWIFT_VERSION = 5.0;
				TARGETED_DEVICE_FAMILY = "1,2";
			};
			name = Debug;
		};
		84953E4725DBA99B004C520E /* Release */ = {
			isa = XCBuildConfiguration;
			buildSettings = {
				ASSETCATALOG_COMPILER_APPICON_NAME = AppIcon;
				ASSETCATALOG_COMPILER_GLOBAL_ACCENT_COLOR_NAME = AccentColor;
				CODE_SIGN_STYLE = Automatic;
				INFOPLIST_FILE = Britannia/Info.plist;
				LD_RUNPATH_SEARCH_PATHS = (
					"$(inherited)",
					"@executable_path/Frameworks",
				);
				PRODUCT_BUNDLE_IDENTIFIER = com.app.Britannia;
				PRODUCT_NAME = "$(TARGET_NAME)";
				SWIFT_VERSION = 5.0;
				TARGETED_DEVICE_FAMILY = "1,2";
			};
			name = Release;
		};
		84953E4925DBA99B004C520E /* Debug */ = {
			isa = XCBuildConfiguration;
			buildSettings = {
				ALWAYS_EMBED_SWIFT_STANDARD_LIBRARIES = YES;
				BUNDLE_LOADER = "$(TEST_HOST)";
				CODE_SIGN_STYLE = Automatic;
				INFOPLIST_FILE = BritanniaTests/Info.plist;
				IPHONEOS_DEPLOYMENT_TARGET = 14.4;
				LD_RUNPATH_SEARCH_PATHS = (
					"$(inherited)",
					"@executable_path/Frameworks",
					"@loader_path/Frameworks",
				);
				PRODUCT_BUNDLE_IDENTIFIER = com.app.BritanniaTests;
				PRODUCT_NAME = "$(TARGET_NAME)";
				SWIFT_VERSION = 5.0;
				TARGETED_DEVICE_FAMILY = "1,2";
				TEST_HOST = "$(BUILT_PRODUCTS_DIR)/Britannia.app/Britannia";
			};
			name = Debug;
		};
		84953E4A25DBA99B004C520E /* Release */ = {
			isa = XCBuildConfiguration;
			buildSettings = {
				ALWAYS_EMBED_SWIFT_STANDARD_LIBRARIES = YES;
				BUNDLE_LOADER = "$(TEST_HOST)";
				CODE_SIGN_STYLE = Automatic;
				INFOPLIST_FILE = BritanniaTests/Info.plist;
				IPHONEOS_DEPLOYMENT_TARGET = 14.4;
				LD_RUNPATH_SEARCH_PATHS = (
					"$(inherited)",
					"@executable_path/Frameworks",
					"@loader_path/Frameworks",
				);
				PRODUCT_BUNDLE_IDENTIFIER = com.app.BritanniaTests;
				PRODUCT_NAME = "$(TARGET_NAME)";
				SWIFT_VERSION = 5.0;
				TARGETED_DEVICE_FAMILY = "1,2";
				TEST_HOST = "$(BUILT_PRODUCTS_DIR)/Britannia.app/Britannia";
			};
			name = Release;
		};
		84953E4C25DBA99B004C520E /* Debug */ = {
			isa = XCBuildConfiguration;
			buildSettings = {
				ALWAYS_EMBED_SWIFT_STANDARD_LIBRARIES = YES;
				CODE_SIGN_STYLE = Automatic;
				INFOPLIST_FILE = BritanniaUITests/Info.plist;
				LD_RUNPATH_SEARCH_PATHS = (
					"$(inherited)",
					"@executable_path/Frameworks",
					"@loader_path/Frameworks",
				);
				PRODUCT_BUNDLE_IDENTIFIER = com.app.BritanniaUITests;
				PRODUCT_NAME = "$(TARGET_NAME)";
				SWIFT_VERSION = 5.0;
				TARGETED_DEVICE_FAMILY = "1,2";
				TEST_TARGET_NAME = Britannia;
			};
			name = Debug;
		};
		84953E4D25DBA99B004C520E /* Release */ = {
			isa = XCBuildConfiguration;
			buildSettings = {
				ALWAYS_EMBED_SWIFT_STANDARD_LIBRARIES = YES;
				CODE_SIGN_STYLE = Automatic;
				INFOPLIST_FILE = BritanniaUITests/Info.plist;
				LD_RUNPATH_SEARCH_PATHS = (
					"$(inherited)",
					"@executable_path/Frameworks",
					"@loader_path/Frameworks",
				);
				PRODUCT_BUNDLE_IDENTIFIER = com.app.BritanniaUITests;
				PRODUCT_NAME = "$(TARGET_NAME)";
				SWIFT_VERSION = 5.0;
				TARGETED_DEVICE_FAMILY = "1,2";
				TEST_TARGET_NAME = Britannia;
			};
			name = Release;
		};
/* End XCBuildConfiguration section */

/* Begin XCConfigurationList section */
		84953E1625DBA999004C520E /* Build configuration list for PBXProject "Britannia" */ = {
			isa = XCConfigurationList;
			buildConfigurations = (
				84953E4325DBA99B004C520E /* Debug */,
				84953E4425DBA99B004C520E /* Release */,
			);
			defaultConfigurationIsVisible = 0;
			defaultConfigurationName = Release;
		};
		84953E4525DBA99B004C520E /* Build configuration list for PBXNativeTarget "Britannia" */ = {
			isa = XCConfigurationList;
			buildConfigurations = (
				84953E4625DBA99B004C520E /* Debug */,
				84953E4725DBA99B004C520E /* Release */,
			);
			defaultConfigurationIsVisible = 0;
			defaultConfigurationName = Release;
		};
		84953E4825DBA99B004C520E /* Build configuration list for PBXNativeTarget "BritanniaTests" */ = {
			isa = XCConfigurationList;
			buildConfigurations = (
				84953E4925DBA99B004C520E /* Debug */,
				84953E4A25DBA99B004C520E /* Release */,
			);
			defaultConfigurationIsVisible = 0;
			defaultConfigurationName = Release;
		};
		84953E4B25DBA99B004C520E /* Build configuration list for PBXNativeTarget "BritanniaUITests" */ = {
			isa = XCConfigurationList;
			buildConfigurations = (
				84953E4C25DBA99B004C520E /* Debug */,
				84953E4D25DBA99B004C520E /* Release */,
			);
			defaultConfigurationIsVisible = 0;
			defaultConfigurationName = Release;
		};
/* End XCConfigurationList section */
	};
	rootObject = 84953E1325DBA999004C520E /* Project object */;
}
